
Microsoft Visual Studio Solution File, Format Version 12.00
# Visual Studio 15
VisualStudioVersion = 15.0.28307.757
MinimumVisualStudioVersion = 10.0.40219.1
Project("{FAE04EC0-301F-11D3-BF4B-00C04F79EFBC}") = "CookieStore", "CookieStore\CookieStore.csproj", "{40946E54-AE37-4065-A5B7-46D58C6019ED}"
EndProject
Global
	GlobalSection(SolutionConfigurationPlatforms) = preSolution
		Debug|Any CPU = Debug|Any CPU
		Release|Any CPU = Release|Any CPU
	EndGlobalSection
	GlobalSection(ProjectConfigurationPlatforms) = postSolution
		{40946E54-AE37-4065-A5B7-46D58C6019ED}.Debug|Any CPU.ActiveCfg = Debug|Any CPU
		{40946E54-AE37-4065-A5B7-46D58C6019ED}.Debug|Any CPU.Build.0 = Debug|Any CPU
		{40946E54-AE37-4065-A5B7-46D58C6019ED}.Release|Any CPU.ActiveCfg = Release|Any CPU
		{40946E54-AE37-4065-A5B7-46D58C6019ED}.Release|Any CPU.Build.0 = Release|Any CPU
	EndGlobalSection
	GlobalSection(SolutionProperties) = preSolution
		HideSolutionNode = FALSE
	EndGlobalSection
	GlobalSection(ExtensibilityGlobals) = postSolution
		SolutionGuid = {A77FA9F9-78F5-482B-9882-809F61C208D9}
	EndGlobalSection
EndGlobal
